
Microsoft Visual Studio Solution File, Format Version 12.00
# Visual Studio Version 17
VisualStudioVersion = 17.8.34309.116
MinimumVisualStudioVersion = 10.0.40219.1
Project("{FAE04EC0-301F-11D3-BF4B-00C04F79EFBC}") = "MyProject", "MyProject\MyProject.csproj", "{C7CDD448-38D5-407F-81A5-B22C0693F2D0}"
EndProject
Global
	GlobalSection(SolutionConfigurationPlatforms) = preSolution
		Debug|Any CPU = Debug|Any CPU
		Release|Any CPU = Release|Any CPU
	EndGlobalSection
	GlobalSection(ProjectConfigurationPlatforms) = postSolution
		{C7CDD448-38D5-407F-81A5-B22C0693F2D0}.Debug|Any CPU.ActiveCfg = Debug|Any CPU
		{C7CDD448-38D5-407F-81A5-B22C0693F2D0}.Debug|Any CPU.Build.0 = Debug|Any CPU
		{C7CDD448-38D5-407F-81A5-B22C0693F2D0}.Release|Any CPU.ActiveCfg = Release|Any CPU
		{C7CDD448-38D5-407F-81A5-B22C0693F2D0}.Release|Any CPU.Build.0 = Release|Any CPU
	EndGlobalSection
	GlobalSection(SolutionProperties) = preSolution
		HideSolutionNode = FALSE
	EndGlobalSection
	GlobalSection(ExtensibilityGlobals) = postSolution
		SolutionGuid = {CEB9F8ED-02DE-41E9-938E-20EE67C6398E}
	EndGlobalSection
EndGlobal
